
Microsoft Visual Studio Solution File, Format Version 12.00
# Visual Studio Version 17
VisualStudioVersion = 17.1.32421.90
MinimumVisualStudioVersion = 10.0.40219.1
Project("{FAE04EC0-301F-11D3-BF4B-00C04F79EFBC}") = "OfficeManagement.WebApi", "OfficeManagement.WebApi\OfficeManagement.WebApi.csproj", "{90EBC1C4-2685-457F-9BC0-E16A5B7464BD}"
EndProject
Project("{FAE04EC0-301F-11D3-BF4B-00C04F79EFBC}") = "OfficeManagement.Core", "OfficeManagement.Core\OfficeManagement.Core.csproj", "{55EADFBD-C28D-4A2D-AA17-CFA2A2E54884}"
EndProject
Global
	GlobalSection(SolutionConfigurationPlatforms) = preSolution
		Debug|Any CPU = Debug|Any CPU
		Release|Any CPU = Release|Any CPU
	EndGlobalSection
	GlobalSection(ProjectConfigurationPlatforms) = postSolution
		{90EBC1C4-2685-457F-9BC0-E16A5B7464BD}.Debug|Any CPU.ActiveCfg = Debug|Any CPU
		{90EBC1C4-2685-457F-9BC0-E16A5B7464BD}.Debug|Any CPU.Build.0 = Debug|Any CPU
		{90EBC1C4-2685-457F-9BC0-E16A5B7464BD}.Release|Any CPU.ActiveCfg = Release|Any CPU
		{90EBC1C4-2685-457F-9BC0-E16A5B7464BD}.Release|Any CPU.Build.0 = Release|Any CPU
		{55EADFBD-C28D-4A2D-AA17-CFA2A2E54884}.Debug|Any CPU.ActiveCfg = Debug|Any CPU
		{55EADFBD-C28D-4A2D-AA17-CFA2A2E54884}.Debug|Any CPU.Build.0 = Debug|Any CPU
		{55EADFBD-C28D-4A2D-AA17-CFA2A2E54884}.Release|Any CPU.ActiveCfg = Release|Any CPU
		{55EADFBD-C28D-4A2D-AA17-CFA2A2E54884}.Release|Any CPU.Build.0 = Release|Any CPU
	EndGlobalSection
	GlobalSection(SolutionProperties) = preSolution
		HideSolutionNode = FALSE
	EndGlobalSection
	GlobalSection(ExtensibilityGlobals) = postSolution
		SolutionGuid = {92C3361C-63C9-453C-913E-97DFFB93804D}
	EndGlobalSection
EndGlobal
